// !$*UTF8*$!
{
	archiveVersion = 1;
	classes = {
	};
	objectVersion = 46;
	objects = {

/* Begin PBXBuildFile section */
		111C21D4180926560015EC85 /* Foundation.framework in Frameworks */ = {isa = PBXBuildFile; fileRef = 111C21D3180926560015EC85 /* Foundation.framework */; };
		111C21D9180926560015EC85 /* AKCBKeyValueStore.h in Copy Files */ = {isa = PBXBuildFile; fileRef = 111C21D8180926560015EC85 /* AKCBKeyValueStore.h */; };
		111C21DB180926560015EC85 /* AKCBKeyValueStore.m in Sources */ = {isa = PBXBuildFile; fileRef = 111C21DA180926560015EC85 /* AKCBKeyValueStore.m */; };
		111C21E2180926560015EC85 /* XCTest.framework in Frameworks */ = {isa = PBXBuildFile; fileRef = 111C21E1180926560015EC85 /* XCTest.framework */; };
		111C21E3180926560015EC85 /* Foundation.framework in Frameworks */ = {isa = PBXBuildFile; fileRef = 111C21D3180926560015EC85 /* Foundation.framework */; };
		111C21E5180926560015EC85 /* UIKit.framework in Frameworks */ = {isa = PBXBuildFile; fileRef = 111C21E4180926560015EC85 /* UIKit.framework */; };
		111C21E8180926560015EC85 /* libAKCBKeyValueStore.a in Frameworks */ = {isa = PBXBuildFile; fileRef = 111C21D0180926560015EC85 /* libAKCBKeyValueStore.a */; };
		111C21EE180926560015EC85 /* InfoPlist.strings in Resources */ = {isa = PBXBuildFile; fileRef = 111C21EC180926560015EC85 /* InfoPlist.strings */; };
		111C21F0180926560015EC85 /* AKCBKeyValueStoreTests.m in Sources */ = {isa = PBXBuildFile; fileRef = 111C21EF180926560015EC85 /* AKCBKeyValueStoreTests.m */; };
		1173044C180945480016404F /* AKCBKeyValueStore.h in Headers */ = {isa = PBXBuildFile; fileRef = 111C21D8180926560015EC85 /* AKCBKeyValueStore.h */; settings = {ATTRIBUTES = (Public, ); }; };
		11730468180948EE0016404F /* CoreBluetooth.framework in Frameworks */ = {isa = PBXBuildFile; fileRef = 11730467180948EE0016404F /* CoreBluetooth.framework */; };
		1173046E18097DAB0016404F /* AKCBKeyValueStoreServer.h in Headers */ = {isa = PBXBuildFile; fileRef = 1173046C18097DAB0016404F /* AKCBKeyValueStoreServer.h */; settings = {ATTRIBUTES = (Public, ); }; };
		1173046F18097DAB0016404F /* AKCBKeyValueStoreServer.m in Sources */ = {isa = PBXBuildFile; fileRef = 1173046D18097DAB0016404F /* AKCBKeyValueStoreServer.m */; };
		1173047218097DC70016404F /* AKCBKeyValueStoreClient.h in Headers */ = {isa = PBXBuildFile; fileRef = 1173047018097DC70016404F /* AKCBKeyValueStoreClient.h */; settings = {ATTRIBUTES = (Public, ); }; };
		1173047318097DC70016404F /* AKCBKeyValueStoreClient.m in Sources */ = {isa = PBXBuildFile; fileRef = 1173047118097DC70016404F /* AKCBKeyValueStoreClient.m */; };
		1173047518097E1D0016404F /* AKCBKeyValueStoreConstants.h in Headers */ = {isa = PBXBuildFile; fileRef = 1173047418097E1D0016404F /* AKCBKeyValueStoreConstants.h */; settings = {ATTRIBUTES = (Public, ); }; };
		1173047618097FD00016404F /* AKCBKeyValueStoreConstants.h in Copy Files */ = {isa = PBXBuildFile; fileRef = 1173047418097E1D0016404F /* AKCBKeyValueStoreConstants.h */; };
		1173047718097FD00016404F /* AKCBKeyValueStoreServer.h in Copy Files */ = {isa = PBXBuildFile; fileRef = 1173046C18097DAB0016404F /* AKCBKeyValueStoreServer.h */; };
		1173047818097FD00016404F /* AKCBKeyValueStoreClient.h in Copy Files */ = {isa = PBXBuildFile; fileRef = 1173047018097DC70016404F /* AKCBKeyValueStoreClient.h */; };
/* End PBXBuildFile section */

/* Begin PBXContainerItemProxy section */
		111C21E6180926560015EC85 /* PBXContainerItemProxy */ = {
			isa = PBXContainerItemProxy;
			containerPortal = 111C21C8180926560015EC85 /* Project object */;
			proxyType = 1;
			remoteGlobalIDString = 111C21CF180926560015EC85;
			remoteInfo = AKCBKeyValueStore;
		};
/* End PBXContainerItemProxy section */

/* Begin PBXCopyFilesBuildPhase section */
		111C21CE180926560015EC85 /* Copy Files */ = {
			isa = PBXCopyFilesBuildPhase;
			buildActionMask = 2147483647;
			dstPath = "include/$(PRODUCT_NAME)";
			dstSubfolderSpec = 16;
			files = (
				1173047618097FD00016404F /* AKCBKeyValueStoreConstants.h in Copy Files */,
				1173047718097FD00016404F /* AKCBKeyValueStoreServer.h in Copy Files */,
				1173047818097FD00016404F /* AKCBKeyValueStoreClient.h in Copy Files */,
				111C21D9180926560015EC85 /* AKCBKeyValueStore.h in Copy Files */,
			);
			name = "Copy Files";
			runOnlyForDeploymentPostprocessing = 0;
		};
/* End PBXCopyFilesBuildPhase section */

/* Begin PBXFileReference section */
		111C21D0180926560015EC85 /* libAKCBKeyValueStore.a */ = {isa = PBXFileReference; explicitFileType = archive.ar; includeInIndex = 0; path = libAKCBKeyValueStore.a; sourceTree = BUILT_PRODUCTS_DIR; };
		111C21D3180926560015EC85 /* Foundation.framework */ = {isa = PBXFileReference; lastKnownFileType = wrapper.framework; name = Foundation.framework; path = System/Library/Frameworks/Foundation.framework; sourceTree = SDKROOT; };
		111C21D7180926560015EC85 /* AKCBKeyValueStore-Prefix.pch */ = {isa = PBXFileReference; lastKnownFileType = sourcecode.c.h; path = "AKCBKeyValueStore-Prefix.pch"; sourceTree = "<group>"; };
		111C21D8180926560015EC85 /* AKCBKeyValueStore.h */ = {isa = PBXFileReference; lastKnownFileType = sourcecode.c.h; path = AKCBKeyValueStore.h; sourceTree = "<group>"; };
		111C21DA180926560015EC85 /* AKCBKeyValueStore.m */ = {isa = PBXFileReference; lastKnownFileType = sourcecode.c.objc; path = AKCBKeyValueStore.m; sourceTree = "<group>"; };
		111C21E0180926560015EC85 /* AKCBKeyValueStoreTests.xctest */ = {isa = PBXFileReference; explicitFileType = wrapper.cfbundle; includeInIndex = 0; path = AKCBKeyValueStoreTests.xctest; sourceTree = BUILT_PRODUCTS_DIR; };
		111C21E1180926560015EC85 /* XCTest.framework */ = {isa = PBXFileReference; lastKnownFileType = wrapper.framework; name = XCTest.framework; path = Library/Frameworks/XCTest.framework; sourceTree = DEVELOPER_DIR; };
		111C21E4180926560015EC85 /* UIKit.framework */ = {isa = PBXFileReference; lastKnownFileType = wrapper.framework; name = UIKit.framework; path = Library/Frameworks/UIKit.framework; sourceTree = DEVELOPER_DIR; };
		111C21EB180926560015EC85 /* AKCBKeyValueStoreTests-Info.plist */ = {isa = PBXFileReference; lastKnownFileType = text.plist.xml; path = "AKCBKeyValueStoreTests-Info.plist"; sourceTree = "<group>"; };
		111C21ED180926560015EC85 /* en */ = {isa = PBXFileReference; lastKnownFileType = text.plist.strings; name = en; path = en.lproj/InfoPlist.strings; sourceTree = "<group>"; };
		111C21EF180926560015EC85 /* AKCBKeyValueStoreTests.m */ = {isa = PBXFileReference; lastKnownFileType = sourcecode.c.objc; path = AKCBKeyValueStoreTests.m; sourceTree = "<group>"; };
		11730467180948EE0016404F /* CoreBluetooth.framework */ = {isa = PBXFileReference; lastKnownFileType = wrapper.framework; name = CoreBluetooth.framework; path = System/Library/Frameworks/CoreBluetooth.framework; sourceTree = SDKROOT; };
		1173046C18097DAB0016404F /* AKCBKeyValueStoreServer.h */ = {isa = PBXFileReference; fileEncoding = 4; lastKnownFileType = sourcecode.c.h; path = AKCBKeyValueStoreServer.h; sourceTree = "<group>"; };
		1173046D18097DAB0016404F /* AKCBKeyValueStoreServer.m */ = {isa = PBXFileReference; fileEncoding = 4; lastKnownFileType = sourcecode.c.objc; path = AKCBKeyValueStoreServer.m; sourceTree = "<group>"; };
		1173047018097DC70016404F /* AKCBKeyValueStoreClient.h */ = {isa = PBXFileReference; fileEncoding = 4; lastKnownFileType = sourcecode.c.h; path = AKCBKeyValueStoreClient.h; sourceTree = "<group>"; };
		1173047118097DC70016404F /* AKCBKeyValueStoreClient.m */ = {isa = PBXFileReference; fileEncoding = 4; lastKnownFileType = sourcecode.c.objc; path = AKCBKeyValueStoreClient.m; sourceTree = "<group>"; };
		1173047418097E1D0016404F /* AKCBKeyValueStoreConstants.h */ = {isa = PBXFileReference; fileEncoding = 4; lastKnownFileType = sourcecode.c.h; path = AKCBKeyValueStoreConstants.h; sourceTree = "<group>"; };
/* End PBXFileReference section */

/* Begin PBXFrameworksBuildPhase section */
		111C21CD180926560015EC85 /* Frameworks */ = {
			isa = PBXFrameworksBuildPhase;
			buildActionMask = 2147483647;
			files = (
				11730468180948EE0016404F /* CoreBluetooth.framework in Frameworks */,
				111C21D4180926560015EC85 /* Foundation.framework in Frameworks */,
			);
			runOnlyForDeploymentPostprocessing = 0;
		};
		111C21DD180926560015EC85 /* Frameworks */ = {
			isa = PBXFrameworksBuildPhase;
			buildActionMask = 2147483647;
			files = (
				111C21E8180926560015EC85 /* libAKCBKeyValueStore.a in Frameworks */,
				111C21E2180926560015EC85 /* XCTest.framework in Frameworks */,
				111C21E5180926560015EC85 /* UIKit.framework in Frameworks */,
				111C21E3180926560015EC85 /* Foundation.framework in Frameworks */,
			);
			runOnlyForDeploymentPostprocessing = 0;
		};
/* End PBXFrameworksBuildPhase section */

/* Begin PBXGroup section */
		111C21C7180926560015EC85 = {
			isa = PBXGroup;
			children = (
				111C21D5180926560015EC85 /* AKCBKeyValueStore */,
				111C21E9180926560015EC85 /* AKCBKeyValueStoreTests */,
				111C21D2180926560015EC85 /* Frameworks */,
				111C21D1180926560015EC85 /* Products */,
			);
			sourceTree = "<group>";
		};
		111C21D1180926560015EC85 /* Products */ = {
			isa = PBXGroup;
			children = (
				111C21D0180926560015EC85 /* libAKCBKeyValueStore.a */,
				111C21E0180926560015EC85 /* AKCBKeyValueStoreTests.xctest */,
			);
			name = Products;
			sourceTree = "<group>";
		};
		111C21D2180926560015EC85 /* Frameworks */ = {
			isa = PBXGroup;
			children = (
				11730467180948EE0016404F /* CoreBluetooth.framework */,
				111C21D3180926560015EC85 /* Foundation.framework */,
				111C21E1180926560015EC85 /* XCTest.framework */,
				111C21E4180926560015EC85 /* UIKit.framework */,
			);
			name = Frameworks;
			sourceTree = "<group>";
		};
		111C21D5180926560015EC85 /* AKCBKeyValueStore */ = {
			isa = PBXGroup;
			children = (
				111C21D8180926560015EC85 /* AKCBKeyValueStore.h */,
				111C21DA180926560015EC85 /* AKCBKeyValueStore.m */,
				1173047418097E1D0016404F /* AKCBKeyValueStoreConstants.h */,
				1173046C18097DAB0016404F /* AKCBKeyValueStoreServer.h */,
				1173046D18097DAB0016404F /* AKCBKeyValueStoreServer.m */,
				1173047018097DC70016404F /* AKCBKeyValueStoreClient.h */,
				1173047118097DC70016404F /* AKCBKeyValueStoreClient.m */,
				111C21D6180926560015EC85 /* Supporting Files */,
			);
			path = AKCBKeyValueStore;
			sourceTree = "<group>";
		};
		111C21D6180926560015EC85 /* Supporting Files */ = {
			isa = PBXGroup;
			children = (
				111C21D7180926560015EC85 /* AKCBKeyValueStore-Prefix.pch */,
			);
			name = "Supporting Files";
			sourceTree = "<group>";
		};
		111C21E9180926560015EC85 /* AKCBKeyValueStoreTests */ = {
			isa = PBXGroup;
			children = (
				111C21EF180926560015EC85 /* AKCBKeyValueStoreTests.m */,
				111C21EA180926560015EC85 /* Supporting Files */,
			);
			path = AKCBKeyValueStoreTests;
			sourceTree = "<group>";
		};
		111C21EA180926560015EC85 /* Supporting Files */ = {
			isa = PBXGroup;
			children = (
				111C21EB180926560015EC85 /* AKCBKeyValueStoreTests-Info.plist */,
				111C21EC180926560015EC85 /* InfoPlist.strings */,
			);
			name = "Supporting Files";
			sourceTree = "<group>";
		};
/* End PBXGroup section */

/* Begin PBXHeadersBuildPhase section */
		11B0E6C01809452300ABE54D /* Headers */ = {
			isa = PBXHeadersBuildPhase;
			buildActionMask = 2147483647;
			files = (
				1173044C180945480016404F /* AKCBKeyValueStore.h in Headers */,
				1173046E18097DAB0016404F /* AKCBKeyValueStoreServer.h in Headers */,
				1173047218097DC70016404F /* AKCBKeyValueStoreClient.h in Headers */,
				1173047518097E1D0016404F /* AKCBKeyValueStoreConstants.h in Headers */,
			);
			runOnlyForDeploymentPostprocessing = 0;
		};
/* End PBXHeadersBuildPhase section */

/* Begin PBXNativeTarget section */
		111C21CF180926560015EC85 /* AKCBKeyValueStore */ = {
			isa = PBXNativeTarget;
			buildConfigurationList = 111C21F3180926560015EC85 /* Build configuration list for PBXNativeTarget "AKCBKeyValueStore" */;
			buildPhases = (
				111C21CC180926560015EC85 /* Sources */,
				111C21CD180926560015EC85 /* Frameworks */,
				111C21CE180926560015EC85 /* Copy Files */,
				11B0E6C01809452300ABE54D /* Headers */,
				11730479180988190016404F /* ShellScript */,
			);
			buildRules = (
			);
			dependencies = (
			);
			name = AKCBKeyValueStore;
			productName = AKCBKeyValueStore;
			productReference = 111C21D0180926560015EC85 /* libAKCBKeyValueStore.a */;
			productType = "com.apple.product-type.library.static";
		};
		111C21DF180926560015EC85 /* AKCBKeyValueStoreTests */ = {
			isa = PBXNativeTarget;
			buildConfigurationList = 111C21F6180926560015EC85 /* Build configuration list for PBXNativeTarget "AKCBKeyValueStoreTests" */;
			buildPhases = (
				111C21DC180926560015EC85 /* Sources */,
				111C21DD180926560015EC85 /* Frameworks */,
				111C21DE180926560015EC85 /* Resources */,
			);
			buildRules = (
			);
			dependencies = (
				111C21E7180926560015EC85 /* PBXTargetDependency */,
			);
			name = AKCBKeyValueStoreTests;
			productName = AKCBKeyValueStoreTests;
			productReference = 111C21E0180926560015EC85 /* AKCBKeyValueStoreTests.xctest */;
			productType = "com.apple.product-type.bundle.unit-test";
		};
/* End PBXNativeTarget section */

/* Begin PBXProject section */
		111C21C8180926560015EC85 /* Project object */ = {
			isa = PBXProject;
			attributes = {
				LastUpgradeCheck = 0500;
				ORGANIZATIONNAME = "Alexander Koglin";
			};
			buildConfigurationList = 111C21CB180926560015EC85 /* Build configuration list for PBXProject "AKCBKeyValueStore" */;
			compatibilityVersion = "Xcode 3.2";
			developmentRegion = English;
			hasScannedForEncodings = 0;
			knownRegions = (
				en,
			);
			mainGroup = 111C21C7180926560015EC85;
			productRefGroup = 111C21D1180926560015EC85 /* Products */;
			projectDirPath = "";
			projectRoot = "";
			targets = (
				111C21CF180926560015EC85 /* AKCBKeyValueStore */,
				111C21DF180926560015EC85 /* AKCBKeyValueStoreTests */,
			);
		};
/* End PBXProject section */

/* Begin PBXResourcesBuildPhase section */
		111C21DE180926560015EC85 /* Resources */ = {
			isa = PBXResourcesBuildPhase;
			buildActionMask = 2147483647;
			files = (
				111C21EE180926560015EC85 /* InfoPlist.strings in Resources */,
			);
			runOnlyForDeploymentPostprocessing = 0;
		};
/* End PBXResourcesBuildPhase section */

/* Begin PBXShellScriptBuildPhase section */
		11730479180988190016404F /* ShellScript */ = {
			isa = PBXShellScriptBuildPhase;
			buildActionMask = 2147483647;
			files = (
			);
			inputPaths = (
			);
			outputPaths = (
			);
			runOnlyForDeploymentPostprocessing = 0;
			shellPath = /bin/sh;
			shellScript = "# recreate the library folder\nrm -rf \"$PROJECT_DIR/lib\"\nmkdir \"$PROJECT_DIR/lib\"\n\n# copy the include headers and the static lib\ncp -R \"$TARGET_BUILD_DIR/include\" \"$PROJECT_DIR/lib/include\"\ncp -R \"$TARGET_BUILD_DIR/libAKCBKeyValueStore.a\" \"$PROJECT_DIR/lib/libAKCBKeyValueStore.a\"";
		};
/* End PBXShellScriptBuildPhase section */

/* Begin PBXSourcesBuildPhase section */
		111C21CC180926560015EC85 /* Sources */ = {
			isa = PBXSourcesBuildPhase;
			buildActionMask = 2147483647;
			files = (
				111C21DB180926560015EC85 /* AKCBKeyValueStore.m in Sources */,
				1173047318097DC70016404F /* AKCBKeyValueStoreClient.m in Sources */,
				1173046F18097DAB0016404F /* AKCBKeyValueStoreServer.m in Sources */,
			);
			runOnlyForDeploymentPostprocessing = 0;
		};
		111C21DC180926560015EC85 /* Sources */ = {
			isa = PBXSourcesBuildPhase;
			buildActionMask = 2147483647;
			files = (
				111C21F0180926560015EC85 /* AKCBKeyValueStoreTests.m in Sources */,
			);
			runOnlyForDeploymentPostprocessing = 0;
		};
/* End PBXSourcesBuildPhase section */

/* Begin PBXTargetDependency section */
		111C21E7180926560015EC85 /* PBXTargetDependency */ = {
			isa = PBXTargetDependency;
			target = 111C21CF180926560015EC85 /* AKCBKeyValueStore */;
			targetProxy = 111C21E6180926560015EC85 /* PBXContainerItemProxy */;
		};
/* End PBXTargetDependency section */

/* Begin PBXVariantGroup section */
		111C21EC180926560015EC85 /* InfoPlist.strings */ = {
			isa = PBXVariantGroup;
			children = (
				111C21ED180926560015EC85 /* en */,
			);
			name = InfoPlist.strings;
			sourceTree = "<group>";
		};
/* End PBXVariantGroup section */

/* Begin XCBuildConfiguration section */
		111C21F1180926560015EC85 /* Debug */ = {
			isa = XCBuildConfiguration;
			buildSettings = {
				ALWAYS_SEARCH_USER_PATHS = NO;
				ARCHS = "$(ARCHS_STANDARD_INCLUDING_64_BIT)";
				CLANG_CXX_LANGUAGE_STANDARD = "gnu++0x";
				CLANG_CXX_LIBRARY = "libc++";
				CLANG_ENABLE_MODULES = YES;
				CLANG_ENABLE_OBJC_ARC = YES;
				CLANG_WARN_BOOL_CONVERSION = YES;
				CLANG_WARN_CONSTANT_CONVERSION = YES;
				CLANG_WARN_DIRECT_OBJC_ISA_USAGE = YES_ERROR;
				CLANG_WARN_EMPTY_BODY = YES;
				CLANG_WARN_ENUM_CONVERSION = YES;
				CLANG_WARN_INT_CONVERSION = YES;
				CLANG_WARN_OBJC_ROOT_CLASS = YES_ERROR;
				CLANG_WARN__DUPLICATE_METHOD_MATCH = YES;
				COPY_PHASE_STRIP = NO;
				GCC_C_LANGUAGE_STANDARD = gnu99;
				GCC_DYNAMIC_NO_PIC = NO;
				GCC_OPTIMIZATION_LEVEL = 0;
				GCC_PREPROCESSOR_DEFINITIONS = (
					"DEBUG=1",
					"$(inherited)",
				);
				GCC_SYMBOLS_PRIVATE_EXTERN = NO;
				GCC_WARN_64_TO_32_BIT_CONVERSION = YES;
				GCC_WARN_ABOUT_RETURN_TYPE = YES_ERROR;
				GCC_WARN_UNDECLARED_SELECTOR = YES;
				GCC_WARN_UNINITIALIZED_AUTOS = YES;
				GCC_WARN_UNUSED_FUNCTION = YES;
				GCC_WARN_UNUSED_VARIABLE = YES;
				IPHONEOS_DEPLOYMENT_TARGET = 7.0;
				ONLY_ACTIVE_ARCH = YES;
				SDKROOT = iphoneos;
			};
			name = Debug;
		};
		111C21F2180926560015EC85 /* Release */ = {
			isa = XCBuildConfiguration;
			buildSettings = {
				ALWAYS_SEARCH_USER_PATHS = NO;
				ARCHS = "$(ARCHS_STANDARD_INCLUDING_64_BIT)";
				CLANG_CXX_LANGUAGE_STANDARD = "gnu++0x";
				CLANG_CXX_LIBRARY = "libc++";
				CLANG_ENABLE_MODULES = YES;
				CLANG_ENABLE_OBJC_ARC = YES;
				CLANG_WARN_BOOL_CONVERSION = YES;
				CLANG_WARN_CONSTANT_CONVERSION = YES;
				CLANG_WARN_DIRECT_OBJC_ISA_USAGE = YES_ERROR;
				CLANG_WARN_EMPTY_BODY = YES;
				CLANG_WARN_ENUM_CONVERSION = YES;
				CLANG_WARN_INT_CONVERSION = YES;
				CLANG_WARN_OBJC_ROOT_CLASS = YES_ERROR;
				CLANG_WARN__DUPLICATE_METHOD_MATCH = YES;
				COPY_PHASE_STRIP = YES;
				ENABLE_NS_ASSERTIONS = NO;
				GCC_C_LANGUAGE_STANDARD = gnu99;
				GCC_WARN_64_TO_32_BIT_CONVERSION = YES;
				GCC_WARN_ABOUT_RETURN_TYPE = YES_ERROR;
				GCC_WARN_UNDECLARED_SELECTOR = YES;
				GCC_WARN_UNINITIALIZED_AUTOS = YES;
				GCC_WARN_UNUSED_FUNCTION = YES;
				GCC_WARN_UNUSED_VARIABLE = YES;
				IPHONEOS_DEPLOYMENT_TARGET = 7.0;
				SDKROOT = iphoneos;
				VALIDATE_PRODUCT = YES;
			};
			name = Release;
		};
		111C21F4180926560015EC85 /* Debug */ = {
			isa = XCBuildConfiguration;
			buildSettings = {
				DSTROOT = /tmp/AKCBKeyValueStore.dst;
				GCC_PRECOMPILE_PREFIX_HEADER = YES;
				GCC_PREFIX_HEADER = "AKCBKeyValueStore/AKCBKeyValueStore-Prefix.pch";
				OTHER_LDFLAGS = "-ObjC";
				PRODUCT_NAME = "$(TARGET_NAME)";
				SKIP_INSTALL = YES;
			};
			name = Debug;
		};
		111C21F5180926560015EC85 /* Release */ = {
			isa = XCBuildConfiguration;
			buildSettings = {
				DSTROOT = /tmp/AKCBKeyValueStore.dst;
				GCC_PRECOMPILE_PREFIX_HEADER = YES;
				GCC_PREFIX_HEADER = "AKCBKeyValueStore/AKCBKeyValueStore-Prefix.pch";
				OTHER_LDFLAGS = "-ObjC";
				PRODUCT_NAME = "$(TARGET_NAME)";
				SKIP_INSTALL = YES;
			};
			name = Release;
		};
		111C21F7180926560015EC85 /* Debug */ = {
			isa = XCBuildConfiguration;
			buildSettings = {
				ARCHS = "$(ARCHS_STANDARD_INCLUDING_64_BIT)";
				FRAMEWORK_SEARCH_PATHS = (
					"$(SDKROOT)/Developer/Library/Frameworks",
					"$(inherited)",
					"$(DEVELOPER_FRAMEWORKS_DIR)",
				);
				GCC_PRECOMPILE_PREFIX_HEADER = YES;
				GCC_PREFIX_HEADER = "AKCBKeyValueStore/AKCBKeyValueStore-Prefix.pch";
				GCC_PREPROCESSOR_DEFINITIONS = (
					"DEBUG=1",
					"$(inherited)",
				);
				INFOPLIST_FILE = "AKCBKeyValueStoreTests/AKCBKeyValueStoreTests-Info.plist";
				PRODUCT_NAME = "$(TARGET_NAME)";
				WRAPPER_EXTENSION = xctest;
			};
			name = Debug;
		};
		111C21F8180926560015EC85 /* Release */ = {
			isa = XCBuildConfiguration;
			buildSettings = {
				ARCHS = "$(ARCHS_STANDARD_INCLUDING_64_BIT)";
				FRAMEWORK_SEARCH_PATHS = (
					"$(SDKROOT)/Developer/Library/Frameworks",
					"$(inherited)",
					"$(DEVELOPER_FRAMEWORKS_DIR)",
				);
				GCC_PRECOMPILE_PREFIX_HEADER = YES;
				GCC_PREFIX_HEADER = "AKCBKeyValueStore/AKCBKeyValueStore-Prefix.pch";
				INFOPLIST_FILE = "AKCBKeyValueStoreTests/AKCBKeyValueStoreTests-Info.plist";
				PRODUCT_NAME = "$(TARGET_NAME)";
				WRAPPER_EXTENSION = xctest;
			};
			name = Release;
		};
/* End XCBuildConfiguration section */

/* Begin XCConfigurationList section */
		111C21CB180926560015EC85 /* Build configuration list for PBXProject "AKCBKeyValueStore" */ = {
			isa = XCConfigurationList;
			buildConfigurations = (
				111C21F1180926560015EC85 /* Debug */,
				111C21F2180926560015EC85 /* Release */,
			);
			defaultConfigurationIsVisible = 0;
			defaultConfigurationName = Release;
		};
		111C21F3180926560015EC85 /* Build configuration list for PBXNativeTarget "AKCBKeyValueStore" */ = {
			isa = XCConfigurationList;
			buildConfigurations = (
				111C21F4180926560015EC85 /* Debug */,
				111C21F5180926560015EC85 /* Release */,
			);
			defaultConfigurationIsVisible = 0;
			defaultConfigurationName = Release;
		};
		111C21F6180926560015EC85 /* Build configuration list for PBXNativeTarget "AKCBKeyValueStoreTests" */ = {
			isa = XCConfigurationList;
			buildConfigurations = (
				111C21F7180926560015EC85 /* Debug */,
				111C21F8180926560015EC85 /* Release */,
			);
			defaultConfigurationIsVisible = 0;
			defaultConfigurationName = Release;
		};
/* End XCConfigurationList section */
	};
	rootObject = 111C21C8180926560015EC85 /* Project object */;
}
