// !$*UTF8*$!
{
	archiveVersion = 1;
	classes = {
	};
	objectVersion = 46;
	objects = {

/* Begin PBXBuildFile section */
		111C2206180926A00015EC85 /* Foundation.framework in Frameworks */ = {isa = PBXBuildFile; fileRef = 111C2205180926A00015EC85 /* Foundation.framework */; };
		111C2208180926A00015EC85 /* CoreGraphics.framework in Frameworks */ = {isa = PBXBuildFile; fileRef = 111C2207180926A00015EC85 /* CoreGraphics.framework */; };
		111C220A180926A00015EC85 /* UIKit.framework in Frameworks */ = {isa = PBXBuildFile; fileRef = 111C2209180926A00015EC85 /* UIKit.framework */; };
		111C2210180926A00015EC85 /* InfoPlist.strings in Resources */ = {isa = PBXBuildFile; fileRef = 111C220E180926A00015EC85 /* InfoPlist.strings */; };
		111C2212180926A00015EC85 /* main.m in Sources */ = {isa = PBXBuildFile; fileRef = 111C2211180926A00015EC85 /* main.m */; };
		111C2216180926A00015EC85 /* AKAppDelegate.m in Sources */ = {isa = PBXBuildFile; fileRef = 111C2215180926A00015EC85 /* AKAppDelegate.m */; };
		111C2219180926A00015EC85 /* Main.storyboard in Resources */ = {isa = PBXBuildFile; fileRef = 111C2217180926A00015EC85 /* Main.storyboard */; };
		111C221C180926A00015EC85 /* AKMasterViewController.m in Sources */ = {isa = PBXBuildFile; fileRef = 111C221B180926A00015EC85 /* AKMasterViewController.m */; };
		111C221F180926A00015EC85 /* AKDetailViewController.m in Sources */ = {isa = PBXBuildFile; fileRef = 111C221E180926A00015EC85 /* AKDetailViewController.m */; };
		111C2221180926A00015EC85 /* Images.xcassets in Resources */ = {isa = PBXBuildFile; fileRef = 111C2220180926A00015EC85 /* Images.xcassets */; };
		111C2228180926A00015EC85 /* XCTest.framework in Frameworks */ = {isa = PBXBuildFile; fileRef = 111C2227180926A00015EC85 /* XCTest.framework */; };
		111C2229180926A00015EC85 /* Foundation.framework in Frameworks */ = {isa = PBXBuildFile; fileRef = 111C2205180926A00015EC85 /* Foundation.framework */; };
		111C222A180926A00015EC85 /* UIKit.framework in Frameworks */ = {isa = PBXBuildFile; fileRef = 111C2209180926A00015EC85 /* UIKit.framework */; };
		111C2232180926A00015EC85 /* InfoPlist.strings in Resources */ = {isa = PBXBuildFile; fileRef = 111C2230180926A00015EC85 /* InfoPlist.strings */; };
		111C2234180926A00015EC85 /* AKCBKeyValueStore_clientTests.m in Sources */ = {isa = PBXBuildFile; fileRef = 111C2233180926A00015EC85 /* AKCBKeyValueStore_clientTests.m */; };
		11730464180946AF0016404F /* libAKCBKeyValueStore.a in Frameworks */ = {isa = PBXBuildFile; fileRef = 1173045F180946850016404F /* libAKCBKeyValueStore.a */; };
/* End PBXBuildFile section */

/* Begin PBXContainerItemProxy section */
		111C222B180926A00015EC85 /* PBXContainerItemProxy */ = {
			isa = PBXContainerItemProxy;
			containerPortal = 111C21FA180926A00015EC85 /* Project object */;
			proxyType = 1;
			remoteGlobalIDString = 111C2201180926A00015EC85;
			remoteInfo = "AKCBKeyValueStore-client";
		};
		1173045E180946850016404F /* PBXContainerItemProxy */ = {
			isa = PBXContainerItemProxy;
			containerPortal = 11730459180946850016404F /* AKCBKeyValueStore.xcodeproj */;
			proxyType = 2;
			remoteGlobalIDString = 111C21D0180926560015EC85;
			remoteInfo = AKCBKeyValueStore;
		};
		11730460180946850016404F /* PBXContainerItemProxy */ = {
			isa = PBXContainerItemProxy;
			containerPortal = 11730459180946850016404F /* AKCBKeyValueStore.xcodeproj */;
			proxyType = 2;
			remoteGlobalIDString = 111C21E0180926560015EC85;
			remoteInfo = AKCBKeyValueStoreTests;
		};
		11730462180946920016404F /* PBXContainerItemProxy */ = {
			isa = PBXContainerItemProxy;
			containerPortal = 11730459180946850016404F /* AKCBKeyValueStore.xcodeproj */;
			proxyType = 1;
			remoteGlobalIDString = 111C21CF180926560015EC85;
			remoteInfo = AKCBKeyValueStore;
		};
/* End PBXContainerItemProxy section */

/* Begin PBXFileReference section */
		111C2202180926A00015EC85 /* AKCBKeyValueStore-client.app */ = {isa = PBXFileReference; explicitFileType = wrapper.application; includeInIndex = 0; path = "AKCBKeyValueStore-client.app"; sourceTree = BUILT_PRODUCTS_DIR; };
		111C2205180926A00015EC85 /* Foundation.framework */ = {isa = PBXFileReference; lastKnownFileType = wrapper.framework; name = Foundation.framework; path = System/Library/Frameworks/Foundation.framework; sourceTree = SDKROOT; };
		111C2207180926A00015EC85 /* CoreGraphics.framework */ = {isa = PBXFileReference; lastKnownFileType = wrapper.framework; name = CoreGraphics.framework; path = System/Library/Frameworks/CoreGraphics.framework; sourceTree = SDKROOT; };
		111C2209180926A00015EC85 /* UIKit.framework */ = {isa = PBXFileReference; lastKnownFileType = wrapper.framework; name = UIKit.framework; path = System/Library/Frameworks/UIKit.framework; sourceTree = SDKROOT; };
		111C220D180926A00015EC85 /* AKCBKeyValueStore-client-Info.plist */ = {isa = PBXFileReference; lastKnownFileType = text.plist.xml; path = "AKCBKeyValueStore-client-Info.plist"; sourceTree = "<group>"; };
		111C220F180926A00015EC85 /* en */ = {isa = PBXFileReference; lastKnownFileType = text.plist.strings; name = en; path = en.lproj/InfoPlist.strings; sourceTree = "<group>"; };
		111C2211180926A00015EC85 /* main.m */ = {isa = PBXFileReference; lastKnownFileType = sourcecode.c.objc; path = main.m; sourceTree = "<group>"; };
		111C2213180926A00015EC85 /* AKCBKeyValueStore-client-Prefix.pch */ = {isa = PBXFileReference; lastKnownFileType = sourcecode.c.h; path = "AKCBKeyValueStore-client-Prefix.pch"; sourceTree = "<group>"; };
		111C2214180926A00015EC85 /* AKAppDelegate.h */ = {isa = PBXFileReference; lastKnownFileType = sourcecode.c.h; path = AKAppDelegate.h; sourceTree = "<group>"; };
		111C2215180926A00015EC85 /* AKAppDelegate.m */ = {isa = PBXFileReference; lastKnownFileType = sourcecode.c.objc; path = AKAppDelegate.m; sourceTree = "<group>"; };
		111C2218180926A00015EC85 /* Base */ = {isa = PBXFileReference; lastKnownFileType = file.storyboard; name = Base; path = Base.lproj/Main.storyboard; sourceTree = "<group>"; };
		111C221A180926A00015EC85 /* AKMasterViewController.h */ = {isa = PBXFileReference; lastKnownFileType = sourcecode.c.h; path = AKMasterViewController.h; sourceTree = "<group>"; };
		111C221B180926A00015EC85 /* AKMasterViewController.m */ = {isa = PBXFileReference; lastKnownFileType = sourcecode.c.objc; path = AKMasterViewController.m; sourceTree = "<group>"; };
		111C221D180926A00015EC85 /* AKDetailViewController.h */ = {isa = PBXFileReference; lastKnownFileType = sourcecode.c.h; path = AKDetailViewController.h; sourceTree = "<group>"; };
		111C221E180926A00015EC85 /* AKDetailViewController.m */ = {isa = PBXFileReference; lastKnownFileType = sourcecode.c.objc; path = AKDetailViewController.m; sourceTree = "<group>"; };
		111C2220180926A00015EC85 /* Images.xcassets */ = {isa = PBXFileReference; lastKnownFileType = folder.assetcatalog; path = Images.xcassets; sourceTree = "<group>"; };
		111C2226180926A00015EC85 /* AKCBKeyValueStore-clientTests.xctest */ = {isa = PBXFileReference; explicitFileType = wrapper.cfbundle; includeInIndex = 0; path = "AKCBKeyValueStore-clientTests.xctest"; sourceTree = BUILT_PRODUCTS_DIR; };
		111C2227180926A00015EC85 /* XCTest.framework */ = {isa = PBXFileReference; lastKnownFileType = wrapper.framework; name = XCTest.framework; path = Library/Frameworks/XCTest.framework; sourceTree = DEVELOPER_DIR; };
		111C222F180926A00015EC85 /* AKCBKeyValueStore-clientTests-Info.plist */ = {isa = PBXFileReference; lastKnownFileType = text.plist.xml; path = "AKCBKeyValueStore-clientTests-Info.plist"; sourceTree = "<group>"; };
		111C2231180926A00015EC85 /* en */ = {isa = PBXFileReference; lastKnownFileType = text.plist.strings; name = en; path = en.lproj/InfoPlist.strings; sourceTree = "<group>"; };
		111C2233180926A00015EC85 /* AKCBKeyValueStore_clientTests.m */ = {isa = PBXFileReference; lastKnownFileType = sourcecode.c.objc; path = AKCBKeyValueStore_clientTests.m; sourceTree = "<group>"; };
		11730459180946850016404F /* AKCBKeyValueStore.xcodeproj */ = {isa = PBXFileReference; lastKnownFileType = "wrapper.pb-project"; name = AKCBKeyValueStore.xcodeproj; path = ../../sources/AKCBKeyValueStore.xcodeproj; sourceTree = "<group>"; };
/* End PBXFileReference section */

/* Begin PBXFrameworksBuildPhase section */
		111C21FF180926A00015EC85 /* Frameworks */ = {
			isa = PBXFrameworksBuildPhase;
			buildActionMask = 2147483647;
			files = (
				11730464180946AF0016404F /* libAKCBKeyValueStore.a in Frameworks */,
				111C2208180926A00015EC85 /* CoreGraphics.framework in Frameworks */,
				111C220A180926A00015EC85 /* UIKit.framework in Frameworks */,
				111C2206180926A00015EC85 /* Foundation.framework in Frameworks */,
			);
			runOnlyForDeploymentPostprocessing = 0;
		};
		111C2223180926A00015EC85 /* Frameworks */ = {
			isa = PBXFrameworksBuildPhase;
			buildActionMask = 2147483647;
			files = (
				111C2228180926A00015EC85 /* XCTest.framework in Frameworks */,
				111C222A180926A00015EC85 /* UIKit.framework in Frameworks */,
				111C2229180926A00015EC85 /* Foundation.framework in Frameworks */,
			);
			runOnlyForDeploymentPostprocessing = 0;
		};
/* End PBXFrameworksBuildPhase section */

/* Begin PBXGroup section */
		111C21F9180926A00015EC85 = {
			isa = PBXGroup;
			children = (
				11730459180946850016404F /* AKCBKeyValueStore.xcodeproj */,
				111C220B180926A00015EC85 /* AKCBKeyValueStore-client */,
				111C222D180926A00015EC85 /* AKCBKeyValueStore-clientTests */,
				111C2204180926A00015EC85 /* Frameworks */,
				111C2203180926A00015EC85 /* Products */,
			);
			sourceTree = "<group>";
		};
		111C2203180926A00015EC85 /* Products */ = {
			isa = PBXGroup;
			children = (
				111C2202180926A00015EC85 /* AKCBKeyValueStore-client.app */,
				111C2226180926A00015EC85 /* AKCBKeyValueStore-clientTests.xctest */,
			);
			name = Products;
			sourceTree = "<group>";
		};
		111C2204180926A00015EC85 /* Frameworks */ = {
			isa = PBXGroup;
			children = (
				111C2205180926A00015EC85 /* Foundation.framework */,
				111C2207180926A00015EC85 /* CoreGraphics.framework */,
				111C2209180926A00015EC85 /* UIKit.framework */,
				111C2227180926A00015EC85 /* XCTest.framework */,
			);
			name = Frameworks;
			sourceTree = "<group>";
		};
		111C220B180926A00015EC85 /* AKCBKeyValueStore-client */ = {
			isa = PBXGroup;
			children = (
				111C2214180926A00015EC85 /* AKAppDelegate.h */,
				111C2215180926A00015EC85 /* AKAppDelegate.m */,
				111C2217180926A00015EC85 /* Main.storyboard */,
				111C221A180926A00015EC85 /* AKMasterViewController.h */,
				111C221B180926A00015EC85 /* AKMasterViewController.m */,
				111C221D180926A00015EC85 /* AKDetailViewController.h */,
				111C221E180926A00015EC85 /* AKDetailViewController.m */,
				111C2220180926A00015EC85 /* Images.xcassets */,
				111C220C180926A00015EC85 /* Supporting Files */,
			);
			path = "AKCBKeyValueStore-client";
			sourceTree = "<group>";
		};
		111C220C180926A00015EC85 /* Supporting Files */ = {
			isa = PBXGroup;
			children = (
				111C220D180926A00015EC85 /* AKCBKeyValueStore-client-Info.plist */,
				111C220E180926A00015EC85 /* InfoPlist.strings */,
				111C2211180926A00015EC85 /* main.m */,
				111C2213180926A00015EC85 /* AKCBKeyValueStore-client-Prefix.pch */,
			);
			name = "Supporting Files";
			sourceTree = "<group>";
		};
		111C222D180926A00015EC85 /* AKCBKeyValueStore-clientTests */ = {
			isa = PBXGroup;
			children = (
				111C2233180926A00015EC85 /* AKCBKeyValueStore_clientTests.m */,
				111C222E180926A00015EC85 /* Supporting Files */,
			);
			path = "AKCBKeyValueStore-clientTests";
			sourceTree = "<group>";
		};
		111C222E180926A00015EC85 /* Supporting Files */ = {
			isa = PBXGroup;
			children = (
				111C222F180926A00015EC85 /* AKCBKeyValueStore-clientTests-Info.plist */,
				111C2230180926A00015EC85 /* InfoPlist.strings */,
			);
			name = "Supporting Files";
			sourceTree = "<group>";
		};
		1173045A180946850016404F /* Products */ = {
			isa = PBXGroup;
			children = (
				1173045F180946850016404F /* libAKCBKeyValueStore.a */,
				11730461180946850016404F /* AKCBKeyValueStoreTests.xctest */,
			);
			name = Products;
			sourceTree = "<group>";
		};
/* End PBXGroup section */

/* Begin PBXNativeTarget section */
		111C2201180926A00015EC85 /* AKCBKeyValueStore-client */ = {
			isa = PBXNativeTarget;
			buildConfigurationList = 111C2237180926A00015EC85 /* Build configuration list for PBXNativeTarget "AKCBKeyValueStore-client" */;
			buildPhases = (
				111C21FE180926A00015EC85 /* Sources */,
				111C21FF180926A00015EC85 /* Frameworks */,
				111C2200180926A00015EC85 /* Resources */,
			);
			buildRules = (
			);
			dependencies = (
				11730463180946920016404F /* PBXTargetDependency */,
			);
			name = "AKCBKeyValueStore-client";
			productName = "AKCBKeyValueStore-client";
			productReference = 111C2202180926A00015EC85 /* AKCBKeyValueStore-client.app */;
			productType = "com.apple.product-type.application";
		};
		111C2225180926A00015EC85 /* AKCBKeyValueStore-clientTests */ = {
			isa = PBXNativeTarget;
			buildConfigurationList = 111C223A180926A00015EC85 /* Build configuration list for PBXNativeTarget "AKCBKeyValueStore-clientTests" */;
			buildPhases = (
				111C2222180926A00015EC85 /* Sources */,
				111C2223180926A00015EC85 /* Frameworks */,
				111C2224180926A00015EC85 /* Resources */,
			);
			buildRules = (
			);
			dependencies = (
				111C222C180926A00015EC85 /* PBXTargetDependency */,
			);
			name = "AKCBKeyValueStore-clientTests";
			productName = "AKCBKeyValueStore-clientTests";
			productReference = 111C2226180926A00015EC85 /* AKCBKeyValueStore-clientTests.xctest */;
			productType = "com.apple.product-type.bundle.unit-test";
		};
/* End PBXNativeTarget section */

/* Begin PBXProject section */
		111C21FA180926A00015EC85 /* Project object */ = {
			isa = PBXProject;
			attributes = {
				CLASSPREFIX = AK;
				LastUpgradeCheck = 0500;
				ORGANIZATIONNAME = "Alexander Koglin";
				TargetAttributes = {
					111C2225180926A00015EC85 = {
						TestTargetID = 111C2201180926A00015EC85;
					};
				};
			};
			buildConfigurationList = 111C21FD180926A00015EC85 /* Build configuration list for PBXProject "AKCBKeyValueStore-client" */;
			compatibilityVersion = "Xcode 3.2";
			developmentRegion = English;
			hasScannedForEncodings = 0;
			knownRegions = (
				en,
				Base,
			);
			mainGroup = 111C21F9180926A00015EC85;
			productRefGroup = 111C2203180926A00015EC85 /* Products */;
			projectDirPath = "";
			projectReferences = (
				{
					ProductGroup = 1173045A180946850016404F /* Products */;
					ProjectRef = 11730459180946850016404F /* AKCBKeyValueStore.xcodeproj */;
				},
			);
			projectRoot = "";
			targets = (
				111C2201180926A00015EC85 /* AKCBKeyValueStore-client */,
				111C2225180926A00015EC85 /* AKCBKeyValueStore-clientTests */,
			);
		};
/* End PBXProject section */

/* Begin PBXReferenceProxy section */
		1173045F180946850016404F /* libAKCBKeyValueStore.a */ = {
			isa = PBXReferenceProxy;
			fileType = archive.ar;
			path = libAKCBKeyValueStore.a;
			remoteRef = 1173045E180946850016404F /* PBXContainerItemProxy */;
			sourceTree = BUILT_PRODUCTS_DIR;
		};
		11730461180946850016404F /* AKCBKeyValueStoreTests.xctest */ = {
			isa = PBXReferenceProxy;
			fileType = wrapper.cfbundle;
			path = AKCBKeyValueStoreTests.xctest;
			remoteRef = 11730460180946850016404F /* PBXContainerItemProxy */;
			sourceTree = BUILT_PRODUCTS_DIR;
		};
/* End PBXReferenceProxy section */

/* Begin PBXResourcesBuildPhase section */
		111C2200180926A00015EC85 /* Resources */ = {
			isa = PBXResourcesBuildPhase;
			buildActionMask = 2147483647;
			files = (
				111C2221180926A00015EC85 /* Images.xcassets in Resources */,
				111C2210180926A00015EC85 /* InfoPlist.strings in Resources */,
				111C2219180926A00015EC85 /* Main.storyboard in Resources */,
			);
			runOnlyForDeploymentPostprocessing = 0;
		};
		111C2224180926A00015EC85 /* Resources */ = {
			isa = PBXResourcesBuildPhase;
			buildActionMask = 2147483647;
			files = (
				111C2232180926A00015EC85 /* InfoPlist.strings in Resources */,
			);
			runOnlyForDeploymentPostprocessing = 0;
		};
/* End PBXResourcesBuildPhase section */

/* Begin PBXSourcesBuildPhase section */
		111C21FE180926A00015EC85 /* Sources */ = {
			isa = PBXSourcesBuildPhase;
			buildActionMask = 2147483647;
			files = (
				111C2216180926A00015EC85 /* AKAppDelegate.m in Sources */,
				111C221F180926A00015EC85 /* AKDetailViewController.m in Sources */,
				111C221C180926A00015EC85 /* AKMasterViewController.m in Sources */,
				111C2212180926A00015EC85 /* main.m in Sources */,
			);
			runOnlyForDeploymentPostprocessing = 0;
		};
		111C2222180926A00015EC85 /* Sources */ = {
			isa = PBXSourcesBuildPhase;
			buildActionMask = 2147483647;
			files = (
				111C2234180926A00015EC85 /* AKCBKeyValueStore_clientTests.m in Sources */,
			);
			runOnlyForDeploymentPostprocessing = 0;
		};
/* End PBXSourcesBuildPhase section */

/* Begin PBXTargetDependency section */
		111C222C180926A00015EC85 /* PBXTargetDependency */ = {
			isa = PBXTargetDependency;
			target = 111C2201180926A00015EC85 /* AKCBKeyValueStore-client */;
			targetProxy = 111C222B180926A00015EC85 /* PBXContainerItemProxy */;
		};
		11730463180946920016404F /* PBXTargetDependency */ = {
			isa = PBXTargetDependency;
			name = AKCBKeyValueStore;
			targetProxy = 11730462180946920016404F /* PBXContainerItemProxy */;
		};
/* End PBXTargetDependency section */

/* Begin PBXVariantGroup section */
		111C220E180926A00015EC85 /* InfoPlist.strings */ = {
			isa = PBXVariantGroup;
			children = (
				111C220F180926A00015EC85 /* en */,
			);
			name = InfoPlist.strings;
			sourceTree = "<group>";
		};
		111C2217180926A00015EC85 /* Main.storyboard */ = {
			isa = PBXVariantGroup;
			children = (
				111C2218180926A00015EC85 /* Base */,
			);
			name = Main.storyboard;
			sourceTree = "<group>";
		};
		111C2230180926A00015EC85 /* InfoPlist.strings */ = {
			isa = PBXVariantGroup;
			children = (
				111C2231180926A00015EC85 /* en */,
			);
			name = InfoPlist.strings;
			sourceTree = "<group>";
		};
/* End PBXVariantGroup section */

/* Begin XCBuildConfiguration section */
		111C2235180926A00015EC85 /* Debug */ = {
			isa = XCBuildConfiguration;
			buildSettings = {
				ALWAYS_SEARCH_USER_PATHS = NO;
				ARCHS = "$(ARCHS_STANDARD_INCLUDING_64_BIT)";
				CLANG_CXX_LANGUAGE_STANDARD = "gnu++0x";
				CLANG_CXX_LIBRARY = "libc++";
				CLANG_ENABLE_MODULES = YES;
				CLANG_ENABLE_OBJC_ARC = YES;
				CLANG_WARN_BOOL_CONVERSION = YES;
				CLANG_WARN_CONSTANT_CONVERSION = YES;
				CLANG_WARN_DIRECT_OBJC_ISA_USAGE = YES_ERROR;
				CLANG_WARN_EMPTY_BODY = YES;
				CLANG_WARN_ENUM_CONVERSION = YES;
				CLANG_WARN_INT_CONVERSION = YES;
				CLANG_WARN_OBJC_ROOT_CLASS = YES_ERROR;
				CLANG_WARN__DUPLICATE_METHOD_MATCH = YES;
				"CODE_SIGN_IDENTITY[sdk=iphoneos*]" = "iPhone Developer";
				COPY_PHASE_STRIP = NO;
				GCC_C_LANGUAGE_STANDARD = gnu99;
				GCC_DYNAMIC_NO_PIC = NO;
				GCC_OPTIMIZATION_LEVEL = 0;
				GCC_PREPROCESSOR_DEFINITIONS = (
					"DEBUG=1",
					"$(inherited)",
				);
				GCC_SYMBOLS_PRIVATE_EXTERN = NO;
				GCC_WARN_64_TO_32_BIT_CONVERSION = YES;
				GCC_WARN_ABOUT_RETURN_TYPE = YES_ERROR;
				GCC_WARN_UNDECLARED_SELECTOR = YES;
				GCC_WARN_UNINITIALIZED_AUTOS = YES;
				GCC_WARN_UNUSED_FUNCTION = YES;
				GCC_WARN_UNUSED_VARIABLE = YES;
				IPHONEOS_DEPLOYMENT_TARGET = 7.0;
				ONLY_ACTIVE_ARCH = YES;
				SDKROOT = iphoneos;
			};
			name = Debug;
		};
		111C2236180926A00015EC85 /* Release */ = {
			isa = XCBuildConfiguration;
			buildSettings = {
				ALWAYS_SEARCH_USER_PATHS = NO;
				ARCHS = "$(ARCHS_STANDARD_INCLUDING_64_BIT)";
				CLANG_CXX_LANGUAGE_STANDARD = "gnu++0x";
				CLANG_CXX_LIBRARY = "libc++";
				CLANG_ENABLE_MODULES = YES;
				CLANG_ENABLE_OBJC_ARC = YES;
				CLANG_WARN_BOOL_CONVERSION = YES;
				CLANG_WARN_CONSTANT_CONVERSION = YES;
				CLANG_WARN_DIRECT_OBJC_ISA_USAGE = YES_ERROR;
				CLANG_WARN_EMPTY_BODY = YES;
				CLANG_WARN_ENUM_CONVERSION = YES;
				CLANG_WARN_INT_CONVERSION = YES;
				CLANG_WARN_OBJC_ROOT_CLASS = YES_ERROR;
				CLANG_WARN__DUPLICATE_METHOD_MATCH = YES;
				"CODE_SIGN_IDENTITY[sdk=iphoneos*]" = "iPhone Developer";
				COPY_PHASE_STRIP = YES;
				ENABLE_NS_ASSERTIONS = NO;
				GCC_C_LANGUAGE_STANDARD = gnu99;
				GCC_WARN_64_TO_32_BIT_CONVERSION = YES;
				GCC_WARN_ABOUT_RETURN_TYPE = YES_ERROR;
				GCC_WARN_UNDECLARED_SELECTOR = YES;
				GCC_WARN_UNINITIALIZED_AUTOS = YES;
				GCC_WARN_UNUSED_FUNCTION = YES;
				GCC_WARN_UNUSED_VARIABLE = YES;
				IPHONEOS_DEPLOYMENT_TARGET = 7.0;
				SDKROOT = iphoneos;
				VALIDATE_PRODUCT = YES;
			};
			name = Release;
		};
		111C2238180926A00015EC85 /* Debug */ = {
			isa = XCBuildConfiguration;
			buildSettings = {
				ASSETCATALOG_COMPILER_APPICON_NAME = AppIcon;
				ASSETCATALOG_COMPILER_LAUNCHIMAGE_NAME = LaunchImage;
				GCC_PRECOMPILE_PREFIX_HEADER = YES;
				GCC_PREFIX_HEADER = "AKCBKeyValueStore-client/AKCBKeyValueStore-client-Prefix.pch";
				INFOPLIST_FILE = "AKCBKeyValueStore-client/AKCBKeyValueStore-client-Info.plist";
				PRODUCT_NAME = "$(TARGET_NAME)";
				WRAPPER_EXTENSION = app;
			};
			name = Debug;
		};
		111C2239180926A00015EC85 /* Release */ = {
			isa = XCBuildConfiguration;
			buildSettings = {
				ASSETCATALOG_COMPILER_APPICON_NAME = AppIcon;
				ASSETCATALOG_COMPILER_LAUNCHIMAGE_NAME = LaunchImage;
				GCC_PRECOMPILE_PREFIX_HEADER = YES;
				GCC_PREFIX_HEADER = "AKCBKeyValueStore-client/AKCBKeyValueStore-client-Prefix.pch";
				INFOPLIST_FILE = "AKCBKeyValueStore-client/AKCBKeyValueStore-client-Info.plist";
				PRODUCT_NAME = "$(TARGET_NAME)";
				WRAPPER_EXTENSION = app;
			};
			name = Release;
		};
		111C223B180926A00015EC85 /* Debug */ = {
			isa = XCBuildConfiguration;
			buildSettings = {
				ARCHS = "$(ARCHS_STANDARD_INCLUDING_64_BIT)";
				BUNDLE_LOADER = "$(BUILT_PRODUCTS_DIR)/AKCBKeyValueStore-client.app/AKCBKeyValueStore-client";
				FRAMEWORK_SEARCH_PATHS = (
					"$(SDKROOT)/Developer/Library/Frameworks",
					"$(inherited)",
					"$(DEVELOPER_FRAMEWORKS_DIR)",
				);
				GCC_PRECOMPILE_PREFIX_HEADER = YES;
				GCC_PREFIX_HEADER = "AKCBKeyValueStore-client/AKCBKeyValueStore-client-Prefix.pch";
				GCC_PREPROCESSOR_DEFINITIONS = (
					"DEBUG=1",
					"$(inherited)",
				);
				INFOPLIST_FILE = "AKCBKeyValueStore-clientTests/AKCBKeyValueStore-clientTests-Info.plist";
				PRODUCT_NAME = "$(TARGET_NAME)";
				TEST_HOST = "$(BUNDLE_LOADER)";
				WRAPPER_EXTENSION = xctest;
			};
			name = Debug;
		};
		111C223C180926A00015EC85 /* Release */ = {
			isa = XCBuildConfiguration;
			buildSettings = {
				ARCHS = "$(ARCHS_STANDARD_INCLUDING_64_BIT)";
				BUNDLE_LOADER = "$(BUILT_PRODUCTS_DIR)/AKCBKeyValueStore-client.app/AKCBKeyValueStore-client";
				FRAMEWORK_SEARCH_PATHS = (
					"$(SDKROOT)/Developer/Library/Frameworks",
					"$(inherited)",
					"$(DEVELOPER_FRAMEWORKS_DIR)",
				);
				GCC_PRECOMPILE_PREFIX_HEADER = YES;
				GCC_PREFIX_HEADER = "AKCBKeyValueStore-client/AKCBKeyValueStore-client-Prefix.pch";
				INFOPLIST_FILE = "AKCBKeyValueStore-clientTests/AKCBKeyValueStore-clientTests-Info.plist";
				PRODUCT_NAME = "$(TARGET_NAME)";
				TEST_HOST = "$(BUNDLE_LOADER)";
				WRAPPER_EXTENSION = xctest;
			};
			name = Release;
		};
/* End XCBuildConfiguration section */

/* Begin XCConfigurationList section */
		111C21FD180926A00015EC85 /* Build configuration list for PBXProject "AKCBKeyValueStore-client" */ = {
			isa = XCConfigurationList;
			buildConfigurations = (
				111C2235180926A00015EC85 /* Debug */,
				111C2236180926A00015EC85 /* Release */,
			);
			defaultConfigurationIsVisible = 0;
			defaultConfigurationName = Release;
		};
		111C2237180926A00015EC85 /* Build configuration list for PBXNativeTarget "AKCBKeyValueStore-client" */ = {
			isa = XCConfigurationList;
			buildConfigurations = (
				111C2238180926A00015EC85 /* Debug */,
				111C2239180926A00015EC85 /* Release */,
			);
			defaultConfigurationIsVisible = 0;
			defaultConfigurationName = Release;
		};
		111C223A180926A00015EC85 /* Build configuration list for PBXNativeTarget "AKCBKeyValueStore-clientTests" */ = {
			isa = XCConfigurationList;
			buildConfigurations = (
				111C223B180926A00015EC85 /* Debug */,
				111C223C180926A00015EC85 /* Release */,
			);
			defaultConfigurationIsVisible = 0;
			defaultConfigurationName = Release;
		};
/* End XCConfigurationList section */
	};
	rootObject = 111C21FA180926A00015EC85 /* Project object */;
}
